
Microsoft Visual Studio Solution File, Format Version 12.00
# Visual Studio 15
VisualStudioVersion = 15.0.27703.2042
MinimumVisualStudioVersion = 10.0.40219.1
Project("{FAE04EC0-301F-11D3-BF4B-00C04F79EFBC}") = "ConsoleApp", "dotnet-simple-wcf-example\ConsoleApp.csproj", "{9F0602E2-8C7C-4A2C-A313-1A7910FFB624}"
EndProject
Project("{FAE04EC0-301F-11D3-BF4B-00C04F79EFBC}") = "WCFServiceLibrary", "wcf-service-library\WCFServiceLibrary.csproj", "{FCD95427-8042-45D8-A821-3799F484EA8C}"
EndProject
Global
	GlobalSection(SolutionConfigurationPlatforms) = preSolution
		Debug|Any CPU = Debug|Any CPU
		Release|Any CPU = Release|Any CPU
	EndGlobalSection
	GlobalSection(ProjectConfigurationPlatforms) = postSolution
		{9F0602E2-8C7C-4A2C-A313-1A7910FFB624}.Debug|Any CPU.ActiveCfg = Debug|Any CPU
		{9F0602E2-8C7C-4A2C-A313-1A7910FFB624}.Debug|Any CPU.Build.0 = Debug|Any CPU
		{9F0602E2-8C7C-4A2C-A313-1A7910FFB624}.Release|Any CPU.ActiveCfg = Release|Any CPU
		{9F0602E2-8C7C-4A2C-A313-1A7910FFB624}.Release|Any CPU.Build.0 = Release|Any CPU
		{FCD95427-8042-45D8-A821-3799F484EA8C}.Debug|Any CPU.ActiveCfg = Debug|Any CPU
		{FCD95427-8042-45D8-A821-3799F484EA8C}.Debug|Any CPU.Build.0 = Debug|Any CPU
		{FCD95427-8042-45D8-A821-3799F484EA8C}.Release|Any CPU.ActiveCfg = Release|Any CPU
		{FCD95427-8042-45D8-A821-3799F484EA8C}.Release|Any CPU.Build.0 = Release|Any CPU
	EndGlobalSection
	GlobalSection(SolutionProperties) = preSolution
		HideSolutionNode = FALSE
	EndGlobalSection
	GlobalSection(ExtensibilityGlobals) = postSolution
		SolutionGuid = {48FA3DAA-D55A-45A5-B4C6-D5A16F829AA4}
	EndGlobalSection
EndGlobal
